<dec f='include/gstreamer-1.0/gst/gstobject.h' l='176' type='GMutex'/>
<use f='WebKit/Source/WebCore/platform/graphics/gstreamer/GStreamerCommon.h' l='330' macro='1' u='a' c='_Z13gstObjectLockPv'/>
<use f='WebKit/Source/WebCore/platform/graphics/gstreamer/GStreamerCommon.h' l='331' macro='1' u='a' c='_Z15gstObjectUnlockPv'/>
<offset>192</offset>
<doc f='include/gstreamer-1.0/gst/gstobject.h' l='176'>/* object LOCK */</doc>
