<dec f='WebKit/Source/JavaScriptCore/API/glib/JSCWeakValue.cpp' l='58' type='RefPtr&lt;JSC::JSLock&gt;'/>
<use f='WebKit/Source/JavaScriptCore/API/glib/JSCWeakValue.cpp' l='97' u='w' c='_ZL22jscWeakValueInitializeP13_JSCWeakValueP9_JSCValue'/>
<use f='WebKit/Source/JavaScriptCore/API/glib/JSCWeakValue.cpp' l='191' u='m' c='_Z24jsc_weak_value_get_valueP13_JSCWeakValue'/>
<use f='WebKit/Source/JavaScriptCore/API/glib/JSCWeakValue.cpp' l='192' u='m' c='_Z24jsc_weak_value_get_valueP13_JSCWeakValue'/>
<offset>64</offset>
