<dec f='WebKit/bmalloc/Headers/bmalloc/IsoTLSDeallocatorEntry.h' l='43' type='bmalloc::Mutex'/>
<use f='WebKit/bmalloc/Headers/bmalloc/IsoTLSDeallocatorEntryInlines.h' l='43' c='_ZN7bmalloc22IsoTLSDeallocatorEntry9constructEPv'/>
<doc f='WebKit/bmalloc/Headers/bmalloc/IsoTLSDeallocatorEntry.h' l='41'>// This is used as the heap lock, since heaps in the same size class share the same deallocator
    // logs.</doc>
<dec f='WebKit/Source/bmalloc/bmalloc/IsoTLSDeallocatorEntry.h' l='43' type='bmalloc::Mutex'/>
<doc f='WebKit/Source/bmalloc/bmalloc/IsoTLSDeallocatorEntry.h' l='41'>// This is used as the heap lock, since heaps in the same size class share the same deallocator
    // logs.</doc>
