<def f='WebKit/Source/JavaScriptCore/bytecode/SuperSampler.cpp' l='39' type='WTF::Lock'/>
<use f='WebKit/Source/JavaScriptCore/bytecode/SuperSampler.cpp' l='40'/>
<use f='WebKit/Source/JavaScriptCore/bytecode/SuperSampler.cpp' l='41'/>
<use f='WebKit/Source/JavaScriptCore/bytecode/SuperSampler.cpp' l='56' u='a' c='_ZN3JSC22initializeSuperSamplerEv'/>
<use f='WebKit/Source/JavaScriptCore/bytecode/SuperSampler.cpp' l='73' u='a' c='_ZN3JSC22resetSuperSamplerStateEv'/>
<use f='WebKit/Source/JavaScriptCore/bytecode/SuperSampler.cpp' l='83' u='a' c='_ZN3JSC22printSuperSamplerStateEv'/>
<use f='WebKit/Source/JavaScriptCore/bytecode/SuperSampler.cpp' l='92' u='a' c='_ZN3JSC18enableSuperSamplerEv'/>
<use f='WebKit/Source/JavaScriptCore/bytecode/SuperSampler.cpp' l='98' u='a' c='_ZN3JSC19disableSuperSamplerEv'/>
