<use f='WebKit/Source/WebCore/platform/graphics/nicosia/NicosiaPlatformLayer.h' l='61' u='a' c='_ZN7Nicosia13PlatformLayer19setSceneIntegrationEON3WTF6RefPtrINS_16SceneIntegrationENS1_12RawPtrTraitsIS3_EENS1_21DefaultRefDerefTraitsIS3_EEEE'/>
<use f='WebKit/Source/WebCore/platform/graphics/nicosia/NicosiaPlatformLayer.h' l='67' u='a' c='_ZN7Nicosia13PlatformLayer17createUpdateScopeEv'/>
<dec f='WebKit/Source/WebCore/platform/graphics/nicosia/NicosiaPlatformLayer.h' l='79' type='WTF::Lock'/>
<use f='WebKit/Source/WebCore/platform/graphics/nicosia/NicosiaPlatformLayer.h' l='211' u='a' c='_ZN7Nicosia16CompositionLayer11updateStateERKT_'/>
<use f='WebKit/Source/WebCore/platform/graphics/nicosia/NicosiaPlatformLayer.h' l='218' u='a' c='_ZN7Nicosia16CompositionLayer10flushStateERKT_'/>
<use f='WebKit/Source/WebCore/platform/graphics/nicosia/NicosiaPlatformLayer.h' l='296' u='a' c='_ZN7Nicosia16CompositionLayer11commitStateERKT_'/>
<use f='WebKit/Source/WebCore/platform/graphics/nicosia/NicosiaPlatformLayer.h' l='306' u='a' c='_ZN7Nicosia16CompositionLayer13accessPendingERKT_'/>
<use f='WebKit/Source/WebCore/platform/graphics/nicosia/NicosiaPlatformLayer.h' l='313' u='a' c='_ZN7Nicosia16CompositionLayer15accessCommittedERKT_'/>
<offset>0</offset>
