<dec f='WebKit/Source/WebCore/platform/graphics/nicosia/texmap/NicosiaContentLayerTextureMapperImpl.h' l='68' type='WTF::Lock'/>
<offset>0</offset>
<use f='WebKit/Source/WebCore/platform/graphics/nicosia/texmap/NicosiaContentLayerTextureMapperImpl.cpp' l='62' u='a' c='_ZN7Nicosia29ContentLayerTextureMapperImpl16invalidateClientEv'/>
<use f='WebKit/Source/WebCore/platform/graphics/nicosia/texmap/NicosiaContentLayerTextureMapperImpl.cpp' l='68' u='a' c='_ZN7Nicosia29ContentLayerTextureMapperImpl11flushUpdateEv'/>
<use f='WebKit/Source/WebCore/platform/graphics/nicosia/texmap/NicosiaContentLayerTextureMapperImpl.cpp' l='74' u='a' c='_ZN7Nicosia29ContentLayerTextureMapperImpl19swapBuffersIfNeededEv'/>
