<dec f='WebKit/Source/WebCore/platform/graphics/nicosia/texmap/NicosiaImageBackingTextureMapperImpl.h' l='102' type='WTF::Lock'/>
<use f='WebKit/Source/WebCore/platform/graphics/nicosia/texmap/NicosiaImageBackingTextureMapperImpl.cpp' l='49' u='a' c='_ZN7Nicosia29ImageBackingTextureMapperImpl11flushUpdateEv'/>
<use f='WebKit/Source/WebCore/platform/graphics/nicosia/texmap/NicosiaImageBackingTextureMapperImpl.cpp' l='64' u='a' c='_ZN7Nicosia29ImageBackingTextureMapperImpl10takeUpdateEv'/>
<offset>0</offset>
