<dec f='WebKit/Source/WebCore/platform/graphics/nicosia/texmap/NicosiaBackingStoreTextureMapperImpl.h' l='126' type='WTF::Lock'/>
<use f='WebKit/Source/WebCore/platform/graphics/nicosia/texmap/NicosiaBackingStoreTextureMapperImpl.cpp' l='104' u='a' c='_ZN7Nicosia29BackingStoreTextureMapperImpl11flushUpdateEv'/>
<use f='WebKit/Source/WebCore/platform/graphics/nicosia/texmap/NicosiaBackingStoreTextureMapperImpl.cpp' l='115' u='a' c='_ZN7Nicosia29BackingStoreTextureMapperImpl10takeUpdateEv'/>
<offset>0</offset>
