<dec f='WebKit/Source/WebCore/platform/graphics/nicosia/NicosiaPlatformLayer.h' l='179' type='WebCore::FilterOperations'/>
<use f='WebKit/Source/WebCore/platform/graphics/nicosia/NicosiaPlatformLayer.h' l='253' u='w' c='_ZN7Nicosia16CompositionLayer10flushStateERKT_'/>
<use f='WebKit/Source/WebCore/platform/graphics/nicosia/NicosiaPlatformLayer.h' l='253' u='r' c='_ZN7Nicosia16CompositionLayer10flushStateERKT_'/>
<offset>3456</offset>
<use f='WebKit/Source/WebCore/platform/graphics/texmap/coordinated/CoordinatedGraphicsLayer.cpp' l='949' u='w' c='_ZN7WebCore24CoordinatedGraphicsLayer37flushCompositingStateForThisLayerOnlyEv'/>
