<dec f='WebKit/Source/WebCore/platform/graphics/nicosia/NicosiaBuffer.h' l='73' type='WTF::Lock'/>
<use f='WebKit/Source/WebCore/platform/graphics/nicosia/NicosiaBuffer.cpp' l='53' u='a' c='_ZN7Nicosia6Buffer13beginPaintingEv'/>
<use f='WebKit/Source/WebCore/platform/graphics/nicosia/NicosiaBuffer.cpp' l='60' u='a' c='_ZN7Nicosia6Buffer16completePaintingEv'/>
<use f='WebKit/Source/WebCore/platform/graphics/nicosia/NicosiaBuffer.cpp' l='68' u='a' c='_ZN7Nicosia6Buffer25waitUntilPaintingCompleteEv'/>
<use f='WebKit/Source/WebCore/platform/graphics/nicosia/NicosiaBuffer.cpp' l='69' u='a' c='_ZN7Nicosia6Buffer25waitUntilPaintingCompleteEv'/>
<offset>0</offset>
