<dec f='WebKit/Source/WebCore/platform/graphics/nicosia/NicosiaSceneIntegration.h' l='77' type='WTF::Lock'/>
<offset>0</offset>
<use f='WebKit/Source/WebCore/platform/graphics/nicosia/NicosiaSceneIntegration.cpp' l='50' u='a' c='_ZN7Nicosia16SceneIntegration9setClientERNS0_6ClientE'/>
<use f='WebKit/Source/WebCore/platform/graphics/nicosia/NicosiaSceneIntegration.cpp' l='56' u='a' c='_ZN7Nicosia16SceneIntegration10invalidateEv'/>
<use f='WebKit/Source/WebCore/platform/graphics/nicosia/NicosiaSceneIntegration.cpp' l='63' u='a' c='_ZN7Nicosia16SceneIntegration13requestUpdateEv'/>
<use f='WebKit/Source/WebCore/platform/graphics/nicosia/NicosiaSceneIntegration.cpp' l='77' u='a' c='_ZN7Nicosia16SceneIntegration11UpdateScopeC1EON3WTF3RefIS0_NS2_12RawPtrTraitsIS0_EEEE'/>
